// !$*UTF8*$!
{
	archiveVersion = 1;
	classes = {
	};
	objectVersion = 48;
	objects = {

/* Begin PBXBuildFile section */
		2C881AB2E9D7716B0CFC1DB9 /* libPods-Cathyy.a in Frameworks */ = {isa = PBXBuildFile; fileRef = 7EE2DEC261638895B0B1DFB5 /* libPods-Cathyy.a */; };
		6F01136D1FE7FEF300DED1D9 /* AppDelegate.m in Sources */ = {isa = PBXBuildFile; fileRef = 6F01136C1FE7FEF300DED1D9 /* AppDelegate.m */; };
		6F0113731FE7FEF300DED1D9 /* Main.storyboard in Resources */ = {isa = PBXBuildFile; fileRef = 6F0113711FE7FEF300DED1D9 /* Main.storyboard */; };
		6F0113751FE7FEF300DED1D9 /* Assets.xcassets in Resources */ = {isa = PBXBuildFile; fileRef = 6F0113741FE7FEF300DED1D9 /* Assets.xcassets */; };
		6F0113781FE7FEF300DED1D9 /* LaunchScreen.storyboard in Resources */ = {isa = PBXBuildFile; fileRef = 6F0113761FE7FEF300DED1D9 /* LaunchScreen.storyboard */; };
		6F01137B1FE7FEF400DED1D9 /* main.m in Sources */ = {isa = PBXBuildFile; fileRef = 6F01137A1FE7FEF400DED1D9 /* main.m */; };
		6F0113851FE7FEF400DED1D9 /* CathyyTests.m in Sources */ = {isa = PBXBuildFile; fileRef = 6F0113841FE7FEF400DED1D9 /* CathyyTests.m */; };
		6F0113901FE7FEF400DED1D9 /* CathyyUITests.m in Sources */ = {isa = PBXBuildFile; fileRef = 6F01138F1FE7FEF400DED1D9 /* CathyyUITests.m */; };
		6F1BF71D1FE935F80088D62B /* VCHome.m in Sources */ = {isa = PBXBuildFile; fileRef = 6F1BF71C1FE935F80088D62B /* VCHome.m */; };
		6F1BF7201FE9365C0088D62B /* VCBbs.m in Sources */ = {isa = PBXBuildFile; fileRef = 6F1BF71F1FE9365C0088D62B /* VCBbs.m */; };
		6F1BF7291FE9573A0088D62B /* MovieListModel.m in Sources */ = {isa = PBXBuildFile; fileRef = 6F1BF7281FE9573A0088D62B /* MovieListModel.m */; };
		6F1BFE841FE96FF40088D62B /* 5.JPG in Resources */ = {isa = PBXBuildFile; fileRef = 6F1BFE7F1FE96FF20088D62B /* 5.JPG */; };
		6F1BFE851FE96FF40088D62B /* 3.JPG in Resources */ = {isa = PBXBuildFile; fileRef = 6F1BFE801FE96FF30088D62B /* 3.JPG */; };
		6F1BFE861FE96FF40088D62B /* 2.JPG in Resources */ = {isa = PBXBuildFile; fileRef = 6F1BFE811FE96FF40088D62B /* 2.JPG */; };
		6F1BFE871FE96FF40088D62B /* 1.JPG in Resources */ = {isa = PBXBuildFile; fileRef = 6F1BFE821FE96FF40088D62B /* 1.JPG */; };
		6F1BFE881FE96FF40088D62B /* 4.JPG in Resources */ = {isa = PBXBuildFile; fileRef = 6F1BFE831FE96FF40088D62B /* 4.JPG */; };
		6F1BFE8E1FE96FFF0088D62B /* f4.png in Resources */ = {isa = PBXBuildFile; fileRef = 6F1BFE891FE96FFC0088D62B /* f4.png */; };
		6F1BFE8F1FE96FFF0088D62B /* f3.png in Resources */ = {isa = PBXBuildFile; fileRef = 6F1BFE8A1FE96FFE0088D62B /* f3.png */; };
		6F1BFE901FE96FFF0088D62B /* f5.png in Resources */ = {isa = PBXBuildFile; fileRef = 6F1BFE8B1FE96FFE0088D62B /* f5.png */; };
		6F1BFE911FE96FFF0088D62B /* f2.png in Resources */ = {isa = PBXBuildFile; fileRef = 6F1BFE8C1FE96FFE0088D62B /* f2.png */; };
		6F1BFE921FE96FFF0088D62B /* f1.png in Resources */ = {isa = PBXBuildFile; fileRef = 6F1BFE8D1FE96FFF0088D62B /* f1.png */; };
		6F1BFE941FE970060088D62B /* IMG_1413.JPG in Resources */ = {isa = PBXBuildFile; fileRef = 6F1BFE931FE970060088D62B /* IMG_1413.JPG */; };
/* End PBXBuildFile section */

/* Begin PBXContainerItemProxy section */
		6F0113811FE7FEF400DED1D9 /* PBXContainerItemProxy */ = {
			isa = PBXContainerItemProxy;
			containerPortal = 6F0113601FE7FEF300DED1D9 /* Project object */;
			proxyType = 1;
			remoteGlobalIDString = 6F0113671FE7FEF300DED1D9;
			remoteInfo = Cathyy;
		};
		6F01138C1FE7FEF400DED1D9 /* PBXContainerItemProxy */ = {
			isa = PBXContainerItemProxy;
			containerPortal = 6F0113601FE7FEF300DED1D9 /* Project object */;
			proxyType = 1;
			remoteGlobalIDString = 6F0113671FE7FEF300DED1D9;
			remoteInfo = Cathyy;
		};
/* End PBXContainerItemProxy section */

/* Begin PBXFileReference section */
		0E98311D6D9893A3083AD5E8 /* Pods-Cathyy.debug.xcconfig */ = {isa = PBXFileReference; includeInIndex = 1; lastKnownFileType = text.xcconfig; name = "Pods-Cathyy.debug.xcconfig"; path = "Pods/Target Support Files/Pods-Cathyy/Pods-Cathyy.debug.xcconfig"; sourceTree = "<group>"; };
		6F0113681FE7FEF300DED1D9 /* Cathyy.app */ = {isa = PBXFileReference; explicitFileType = wrapper.application; includeInIndex = 0; path = Cathyy.app; sourceTree = BUILT_PRODUCTS_DIR; };
		6F01136B1FE7FEF300DED1D9 /* AppDelegate.h */ = {isa = PBXFileReference; lastKnownFileType = sourcecode.c.h; path = AppDelegate.h; sourceTree = "<group>"; };
		6F01136C1FE7FEF300DED1D9 /* AppDelegate.m */ = {isa = PBXFileReference; lastKnownFileType = sourcecode.c.objc; path = AppDelegate.m; sourceTree = "<group>"; };
		6F0113721FE7FEF300DED1D9 /* Base */ = {isa = PBXFileReference; lastKnownFileType = file.storyboard; name = Base; path = Base.lproj/Main.storyboard; sourceTree = "<group>"; };
		6F0113741FE7FEF300DED1D9 /* Assets.xcassets */ = {isa = PBXFileReference; lastKnownFileType = folder.assetcatalog; path = Assets.xcassets; sourceTree = "<group>"; };
		6F0113771FE7FEF300DED1D9 /* Base */ = {isa = PBXFileReference; lastKnownFileType = file.storyboard; name = Base; path = Base.lproj/LaunchScreen.storyboard; sourceTree = "<group>"; };
		6F0113791FE7FEF300DED1D9 /* Info.plist */ = {isa = PBXFileReference; lastKnownFileType = text.plist.xml; path = Info.plist; sourceTree = "<group>"; };
		6F01137A1FE7FEF400DED1D9 /* main.m */ = {isa = PBXFileReference; lastKnownFileType = sourcecode.c.objc; path = main.m; sourceTree = "<group>"; };
		6F0113801FE7FEF400DED1D9 /* CathyyTests.xctest */ = {isa = PBXFileReference; explicitFileType = wrapper.cfbundle; includeInIndex = 0; path = CathyyTests.xctest; sourceTree = BUILT_PRODUCTS_DIR; };
		6F0113841FE7FEF400DED1D9 /* CathyyTests.m */ = {isa = PBXFileReference; lastKnownFileType = sourcecode.c.objc; path = CathyyTests.m; sourceTree = "<group>"; };
		6F0113861FE7FEF400DED1D9 /* Info.plist */ = {isa = PBXFileReference; lastKnownFileType = text.plist.xml; path = Info.plist; sourceTree = "<group>"; };
		6F01138B1FE7FEF400DED1D9 /* CathyyUITests.xctest */ = {isa = PBXFileReference; explicitFileType = wrapper.cfbundle; includeInIndex = 0; path = CathyyUITests.xctest; sourceTree = BUILT_PRODUCTS_DIR; };
		6F01138F1FE7FEF400DED1D9 /* CathyyUITests.m */ = {isa = PBXFileReference; lastKnownFileType = sourcecode.c.objc; path = CathyyUITests.m; sourceTree = "<group>"; };
		6F0113911FE7FEF400DED1D9 /* Info.plist */ = {isa = PBXFileReference; lastKnownFileType = text.plist.xml; path = Info.plist; sourceTree = "<group>"; };
		6F1BF71B1FE935F80088D62B /* VCHome.h */ = {isa = PBXFileReference; lastKnownFileType = sourcecode.c.h; path = VCHome.h; sourceTree = "<group>"; };
		6F1BF71C1FE935F80088D62B /* VCHome.m */ = {isa = PBXFileReference; lastKnownFileType = sourcecode.c.objc; path = VCHome.m; sourceTree = "<group>"; };
		6F1BF71E1FE9365C0088D62B /* VCBbs.h */ = {isa = PBXFileReference; lastKnownFileType = sourcecode.c.h; path = VCBbs.h; sourceTree = "<group>"; };
		6F1BF71F1FE9365C0088D62B /* VCBbs.m */ = {isa = PBXFileReference; lastKnownFileType = sourcecode.c.objc; path = VCBbs.m; sourceTree = "<group>"; };
		6F1BF7271FE9573A0088D62B /* MovieListModel.h */ = {isa = PBXFileReference; lastKnownFileType = sourcecode.c.h; path = MovieListModel.h; sourceTree = "<group>"; };
		6F1BF7281FE9573A0088D62B /* MovieListModel.m */ = {isa = PBXFileReference; lastKnownFileType = sourcecode.c.objc; path = MovieListModel.m; sourceTree = "<group>"; };
		6F1BF72A1FE9623F0088D62B /* PrefixHeader.pch */ = {isa = PBXFileReference; lastKnownFileType = sourcecode.c.h; path = PrefixHeader.pch; sourceTree = "<group>"; };
		6F1BF72B1FE9625E0088D62B /* MacroDefine.h */ = {isa = PBXFileReference; lastKnownFileType = sourcecode.c.h; path = MacroDefine.h; sourceTree = "<group>"; };
		6F1BFE7F1FE96FF20088D62B /* 5.JPG */ = {isa = PBXFileReference; lastKnownFileType = image.jpeg; path = 5.JPG; sourceTree = "<group>"; };
		6F1BFE801FE96FF30088D62B /* 3.JPG */ = {isa = PBXFileReference; lastKnownFileType = image.jpeg; path = 3.JPG; sourceTree = "<group>"; };
		6F1BFE811FE96FF40088D62B /* 2.JPG */ = {isa = PBXFileReference; lastKnownFileType = image.jpeg; path = 2.JPG; sourceTree = "<group>"; };
		6F1BFE821FE96FF40088D62B /* 1.JPG */ = {isa = PBXFileReference; lastKnownFileType = image.jpeg; path = 1.JPG; sourceTree = "<group>"; };
		6F1BFE831FE96FF40088D62B /* 4.JPG */ = {isa = PBXFileReference; lastKnownFileType = image.jpeg; path = 4.JPG; sourceTree = "<group>"; };
		6F1BFE891FE96FFC0088D62B /* f4.png */ = {isa = PBXFileReference; lastKnownFileType = image.png; path = f4.png; sourceTree = "<group>"; };
		6F1BFE8A1FE96FFE0088D62B /* f3.png */ = {isa = PBXFileReference; lastKnownFileType = image.png; path = f3.png; sourceTree = "<group>"; };
		6F1BFE8B1FE96FFE0088D62B /* f5.png */ = {isa = PBXFileReference; lastKnownFileType = image.png; path = f5.png; sourceTree = "<group>"; };
		6F1BFE8C1FE96FFE0088D62B /* f2.png */ = {isa = PBXFileReference; lastKnownFileType = image.png; path = f2.png; sourceTree = "<group>"; };
		6F1BFE8D1FE96FFF0088D62B /* f1.png */ = {isa = PBXFileReference; lastKnownFileType = image.png; path = f1.png; sourceTree = "<group>"; };
		6F1BFE931FE970060088D62B /* IMG_1413.JPG */ = {isa = PBXFileReference; lastKnownFileType = image.jpeg; path = IMG_1413.JPG; sourceTree = "<group>"; };
		7EE2DEC261638895B0B1DFB5 /* libPods-Cathyy.a */ = {isa = PBXFileReference; explicitFileType = archive.ar; includeInIndex = 0; path = "libPods-Cathyy.a"; sourceTree = BUILT_PRODUCTS_DIR; };
		D1A67D630F5784F68CFCEB32 /* Pods-Cathyy.release.xcconfig */ = {isa = PBXFileReference; includeInIndex = 1; lastKnownFileType = text.xcconfig; name = "Pods-Cathyy.release.xcconfig"; path = "Pods/Target Support Files/Pods-Cathyy/Pods-Cathyy.release.xcconfig"; sourceTree = "<group>"; };
/* End PBXFileReference section */

/* Begin PBXFrameworksBuildPhase section */
		6F0113651FE7FEF300DED1D9 /* Frameworks */ = {
			isa = PBXFrameworksBuildPhase;
			buildActionMask = 2147483647;
			files = (
				2C881AB2E9D7716B0CFC1DB9 /* libPods-Cathyy.a in Frameworks */,
			);
			runOnlyForDeploymentPostprocessing = 0;
		};
		6F01137D1FE7FEF400DED1D9 /* Frameworks */ = {
			isa = PBXFrameworksBuildPhase;
			buildActionMask = 2147483647;
			files = (
			);
			runOnlyForDeploymentPostprocessing = 0;
		};
		6F0113881FE7FEF400DED1D9 /* Frameworks */ = {
			isa = PBXFrameworksBuildPhase;
			buildActionMask = 2147483647;
			files = (
			);
			runOnlyForDeploymentPostprocessing = 0;
		};
/* End PBXFrameworksBuildPhase section */

/* Begin PBXGroup section */
		1E2EED1833FB14FF56973376 /* Frameworks */ = {
			isa = PBXGroup;
			children = (
				7EE2DEC261638895B0B1DFB5 /* libPods-Cathyy.a */,
			);
			name = Frameworks;
			sourceTree = "<group>";
		};
		6F01135F1FE7FEF300DED1D9 = {
			isa = PBXGroup;
			children = (
				6F01136A1FE7FEF300DED1D9 /* Cathyy */,
				6F0113831FE7FEF400DED1D9 /* CathyyTests */,
				6F01138E1FE7FEF400DED1D9 /* CathyyUITests */,
				6F0113691FE7FEF300DED1D9 /* Products */,
				BBD3A1010D4ACECA7EDCE380 /* Pods */,
				1E2EED1833FB14FF56973376 /* Frameworks */,
			);
			sourceTree = "<group>";
		};
		6F0113691FE7FEF300DED1D9 /* Products */ = {
			isa = PBXGroup;
			children = (
				6F0113681FE7FEF300DED1D9 /* Cathyy.app */,
				6F0113801FE7FEF400DED1D9 /* CathyyTests.xctest */,
				6F01138B1FE7FEF400DED1D9 /* CathyyUITests.xctest */,
			);
			name = Products;
			sourceTree = "<group>";
		};
		6F01136A1FE7FEF300DED1D9 /* Cathyy */ = {
			isa = PBXGroup;
			children = (
				6F47C2C81FE9DB4100FD06DE /* icons */,
				6F1BFE7E1FE96FD60088D62B /* img */,
				6F1BF71A1FE935950088D62B /* Views */,
				6F1BF7191FE935880088D62B /* Model */,
				6F1BF7181FE9356E0088D62B /* VC */,
				6F01136B1FE7FEF300DED1D9 /* AppDelegate.h */,
				6F01136C1FE7FEF300DED1D9 /* AppDelegate.m */,
				6F0113711FE7FEF300DED1D9 /* Main.storyboard */,
				6F0113741FE7FEF300DED1D9 /* Assets.xcassets */,
				6F0113761FE7FEF300DED1D9 /* LaunchScreen.storyboard */,
				6F0113791FE7FEF300DED1D9 /* Info.plist */,
				6F01137A1FE7FEF400DED1D9 /* main.m */,
				6F1BF72B1FE9625E0088D62B /* MacroDefine.h */,
				6F1BF72A1FE9623F0088D62B /* PrefixHeader.pch */,
			);
			path = Cathyy;
			sourceTree = "<group>";
		};
		6F0113831FE7FEF400DED1D9 /* CathyyTests */ = {
			isa = PBXGroup;
			children = (
				6F0113841FE7FEF400DED1D9 /* CathyyTests.m */,
				6F0113861FE7FEF400DED1D9 /* Info.plist */,
			);
			path = CathyyTests;
			sourceTree = "<group>";
		};
		6F01138E1FE7FEF400DED1D9 /* CathyyUITests */ = {
			isa = PBXGroup;
			children = (
				6F01138F1FE7FEF400DED1D9 /* CathyyUITests.m */,
				6F0113911FE7FEF400DED1D9 /* Info.plist */,
			);
			path = CathyyUITests;
			sourceTree = "<group>";
		};
		6F1BF7181FE9356E0088D62B /* VC */ = {
			isa = PBXGroup;
			children = (
				6F1BF71B1FE935F80088D62B /* VCHome.h */,
				6F1BF71C1FE935F80088D62B /* VCHome.m */,
				6F1BF71E1FE9365C0088D62B /* VCBbs.h */,
				6F1BF71F1FE9365C0088D62B /* VCBbs.m */,
			);
			path = VC;
			sourceTree = "<group>";
		};
		6F1BF7191FE935880088D62B /* Model */ = {
			isa = PBXGroup;
			children = (
				6F1BF7271FE9573A0088D62B /* MovieListModel.h */,
				6F1BF7281FE9573A0088D62B /* MovieListModel.m */,
			);
			path = Model;
			sourceTree = "<group>";
		};
		6F1BF71A1FE935950088D62B /* Views */ = {
			isa = PBXGroup;
			children = (
			);
			path = Views;
			sourceTree = "<group>";
		};
		6F1BFE7E1FE96FD60088D62B /* img */ = {
			isa = PBXGroup;
			children = (
				6F1BFE821FE96FF40088D62B /* 1.JPG */,
				6F1BFE811FE96FF40088D62B /* 2.JPG */,
				6F1BFE801FE96FF30088D62B /* 3.JPG */,
				6F1BFE831FE96FF40088D62B /* 4.JPG */,
				6F1BFE7F1FE96FF20088D62B /* 5.JPG */,
				6F1BFE8D1FE96FFF0088D62B /* f1.png */,
				6F1BFE8C1FE96FFE0088D62B /* f2.png */,
				6F1BFE8A1FE96FFE0088D62B /* f3.png */,
				6F1BFE891FE96FFC0088D62B /* f4.png */,
				6F1BFE8B1FE96FFE0088D62B /* f5.png */,
				6F1BFE931FE970060088D62B /* IMG_1413.JPG */,
			);
			path = img;
			sourceTree = "<group>";
		};
		6F47C2C81FE9DB4100FD06DE /* icons */ = {
			isa = PBXGroup;
			children = (
			);
			path = icons;
			sourceTree = "<group>";
		};
		BBD3A1010D4ACECA7EDCE380 /* Pods */ = {
			isa = PBXGroup;
			children = (
				0E98311D6D9893A3083AD5E8 /* Pods-Cathyy.debug.xcconfig */,
				D1A67D630F5784F68CFCEB32 /* Pods-Cathyy.release.xcconfig */,
			);
			name = Pods;
			sourceTree = "<group>";
		};
/* End PBXGroup section */

/* Begin PBXNativeTarget section */
		6F0113671FE7FEF300DED1D9 /* Cathyy */ = {
			isa = PBXNativeTarget;
			buildConfigurationList = 6F0113941FE7FEF400DED1D9 /* Build configuration list for PBXNativeTarget "Cathyy" */;
			buildPhases = (
				EF17F1782328D8F48EA1833A /* [CP] Check Pods Manifest.lock */,
				6F0113641FE7FEF300DED1D9 /* Sources */,
				6F0113651FE7FEF300DED1D9 /* Frameworks */,
				6F0113661FE7FEF300DED1D9 /* Resources */,
				7F7536EAB6F7526EB52E9F50 /* [CP] Embed Pods Frameworks */,
				7B27BFB4DC78B7106FC7BE1A /* [CP] Copy Pods Resources */,
			);
			buildRules = (
			);
			dependencies = (
			);
			name = Cathyy;
			productName = Cathyy;
			productReference = 6F0113681FE7FEF300DED1D9 /* Cathyy.app */;
			productType = "com.apple.product-type.application";
		};
		6F01137F1FE7FEF400DED1D9 /* CathyyTests */ = {
			isa = PBXNativeTarget;
			buildConfigurationList = 6F0113971FE7FEF400DED1D9 /* Build configuration list for PBXNativeTarget "CathyyTests" */;
			buildPhases = (
				6F01137C1FE7FEF400DED1D9 /* Sources */,
				6F01137D1FE7FEF400DED1D9 /* Frameworks */,
				6F01137E1FE7FEF400DED1D9 /* Resources */,
			);
			buildRules = (
			);
			dependencies = (
				6F0113821FE7FEF400DED1D9 /* PBXTargetDependency */,
			);
			name = CathyyTests;
			productName = CathyyTests;
			productReference = 6F0113801FE7FEF400DED1D9 /* CathyyTests.xctest */;
			productType = "com.apple.product-type.bundle.unit-test";
		};
		6F01138A1FE7FEF400DED1D9 /* CathyyUITests */ = {
			isa = PBXNativeTarget;
			buildConfigurationList = 6F01139A1FE7FEF400DED1D9 /* Build configuration list for PBXNativeTarget "CathyyUITests" */;
			buildPhases = (
				6F0113871FE7FEF400DED1D9 /* Sources */,
				6F0113881FE7FEF400DED1D9 /* Frameworks */,
				6F0113891FE7FEF400DED1D9 /* Resources */,
			);
			buildRules = (
			);
			dependencies = (
				6F01138D1FE7FEF400DED1D9 /* PBXTargetDependency */,
			);
			name = CathyyUITests;
			productName = CathyyUITests;
			productReference = 6F01138B1FE7FEF400DED1D9 /* CathyyUITests.xctest */;
			productType = "com.apple.product-type.bundle.ui-testing";
		};
/* End PBXNativeTarget section */

/* Begin PBXProject section */
		6F0113601FE7FEF300DED1D9 /* Project object */ = {
			isa = PBXProject;
			attributes = {
				LastUpgradeCheck = 0920;
				ORGANIZATIONNAME = NarutoMac;
				TargetAttributes = {
					6F0113671FE7FEF300DED1D9 = {
						CreatedOnToolsVersion = 9.2;
						ProvisioningStyle = Automatic;
					};
					6F01137F1FE7FEF400DED1D9 = {
						CreatedOnToolsVersion = 9.2;
						ProvisioningStyle = Automatic;
						TestTargetID = 6F0113671FE7FEF300DED1D9;
					};
					6F01138A1FE7FEF400DED1D9 = {
						CreatedOnToolsVersion = 9.2;
						ProvisioningStyle = Automatic;
						TestTargetID = 6F0113671FE7FEF300DED1D9;
					};
				};
			};
			buildConfigurationList = 6F0113631FE7FEF300DED1D9 /* Build configuration list for PBXProject "Cathyy" */;
			compatibilityVersion = "Xcode 8.0";
			developmentRegion = en;
			hasScannedForEncodings = 0;
			knownRegions = (
				en,
				Base,
			);
			mainGroup = 6F01135F1FE7FEF300DED1D9;
			productRefGroup = 6F0113691FE7FEF300DED1D9 /* Products */;
			projectDirPath = "";
			projectRoot = "";
			targets = (
				6F0113671FE7FEF300DED1D9 /* Cathyy */,
				6F01137F1FE7FEF400DED1D9 /* CathyyTests */,
				6F01138A1FE7FEF400DED1D9 /* CathyyUITests */,
			);
		};
/* End PBXProject section */

/* Begin PBXResourcesBuildPhase section */
		6F0113661FE7FEF300DED1D9 /* Resources */ = {
			isa = PBXResourcesBuildPhase;
			buildActionMask = 2147483647;
			files = (
				6F1BFE921FE96FFF0088D62B /* f1.png in Resources */,
				6F1BFE8F1FE96FFF0088D62B /* f3.png in Resources */,
				6F1BFE901FE96FFF0088D62B /* f5.png in Resources */,
				6F1BFE881FE96FF40088D62B /* 4.JPG in Resources */,
				6F1BFE861FE96FF40088D62B /* 2.JPG in Resources */,
				6F0113781FE7FEF300DED1D9 /* LaunchScreen.storyboard in Resources */,
				6F1BFE911FE96FFF0088D62B /* f2.png in Resources */,
				6F1BFE871FE96FF40088D62B /* 1.JPG in Resources */,
				6F1BFE841FE96FF40088D62B /* 5.JPG in Resources */,
				6F0113751FE7FEF300DED1D9 /* Assets.xcassets in Resources */,
				6F1BFE941FE970060088D62B /* IMG_1413.JPG in Resources */,
				6F1BFE8E1FE96FFF0088D62B /* f4.png in Resources */,
				6F1BFE851FE96FF40088D62B /* 3.JPG in Resources */,
				6F0113731FE7FEF300DED1D9 /* Main.storyboard in Resources */,
			);
			runOnlyForDeploymentPostprocessing = 0;
		};
		6F01137E1FE7FEF400DED1D9 /* Resources */ = {
			isa = PBXResourcesBuildPhase;
			buildActionMask = 2147483647;
			files = (
			);
			runOnlyForDeploymentPostprocessing = 0;
		};
		6F0113891FE7FEF400DED1D9 /* Resources */ = {
			isa = PBXResourcesBuildPhase;
			buildActionMask = 2147483647;
			files = (
			);
			runOnlyForDeploymentPostprocessing = 0;
		};
/* End PBXResourcesBuildPhase section */

/* Begin PBXShellScriptBuildPhase section */
		7B27BFB4DC78B7106FC7BE1A /* [CP] Copy Pods Resources */ = {
			isa = PBXShellScriptBuildPhase;
			buildActionMask = 2147483647;
			files = (
			);
			inputPaths = (
				"${SRCROOT}/Pods/Target Support Files/Pods-Cathyy/Pods-Cathyy-resources.sh",
				"${PODS_ROOT}/MJRefresh/MJRefresh/MJRefresh.bundle",
				"${PODS_ROOT}/SVProgressHUD/SVProgressHUD/SVProgressHUD.bundle",
			);
			name = "[CP] Copy Pods Resources";
			outputPaths = (
				"${TARGET_BUILD_DIR}/${UNLOCALIZED_RESOURCES_FOLDER_PATH}/MJRefresh.bundle",
				"${TARGET_BUILD_DIR}/${UNLOCALIZED_RESOURCES_FOLDER_PATH}/SVProgressHUD.bundle",
			);
			runOnlyForDeploymentPostprocessing = 0;
			shellPath = /bin/sh;
			shellScript = "\"${SRCROOT}/Pods/Target Support Files/Pods-Cathyy/Pods-Cathyy-resources.sh\"\n";
			showEnvVarsInLog = 0;
		};
		7F7536EAB6F7526EB52E9F50 /* [CP] Embed Pods Frameworks */ = {
			isa = PBXShellScriptBuildPhase;
			buildActionMask = 2147483647;
			files = (
			);
			inputPaths = (
			);
			name = "[CP] Embed Pods Frameworks";
			outputPaths = (
			);
			runOnlyForDeploymentPostprocessing = 0;
			shellPath = /bin/sh;
			shellScript = "\"${SRCROOT}/Pods/Target Support Files/Pods-Cathyy/Pods-Cathyy-frameworks.sh\"\n";
			showEnvVarsInLog = 0;
		};
		EF17F1782328D8F48EA1833A /* [CP] Check Pods Manifest.lock */ = {
			isa = PBXShellScriptBuildPhase;
			buildActionMask = 2147483647;
			files = (
			);
			inputPaths = (
				"${PODS_PODFILE_DIR_PATH}/Podfile.lock",
				"${PODS_ROOT}/Manifest.lock",
			);
			name = "[CP] Check Pods Manifest.lock";
			outputPaths = (
				"$(DERIVED_FILE_DIR)/Pods-Cathyy-checkManifestLockResult.txt",
			);
			runOnlyForDeploymentPostprocessing = 0;
			shellPath = /bin/sh;
			shellScript = "diff \"${PODS_PODFILE_DIR_PATH}/Podfile.lock\" \"${PODS_ROOT}/Manifest.lock\" > /dev/null\nif [ $? != 0 ] ; then\n    # print error to STDERR\n    echo \"error: The sandbox is not in sync with the Podfile.lock. Run 'pod install' or update your CocoaPods installation.\" >&2\n    exit 1\nfi\n# This output is used by Xcode 'outputs' to avoid re-running this script phase.\necho \"SUCCESS\" > \"${SCRIPT_OUTPUT_FILE_0}\"\n";
			showEnvVarsInLog = 0;
		};
/* End PBXShellScriptBuildPhase section */

/* Begin PBXSourcesBuildPhase section */
		6F0113641FE7FEF300DED1D9 /* Sources */ = {
			isa = PBXSourcesBuildPhase;
			buildActionMask = 2147483647;
			files = (
				6F01137B1FE7FEF400DED1D9 /* main.m in Sources */,
				6F1BF71D1FE935F80088D62B /* VCHome.m in Sources */,
				6F1BF7201FE9365C0088D62B /* VCBbs.m in Sources */,
				6F1BF7291FE9573A0088D62B /* MovieListModel.m in Sources */,
				6F01136D1FE7FEF300DED1D9 /* AppDelegate.m in Sources */,
			);
			runOnlyForDeploymentPostprocessing = 0;
		};
		6F01137C1FE7FEF400DED1D9 /* Sources */ = {
			isa = PBXSourcesBuildPhase;
			buildActionMask = 2147483647;
			files = (
				6F0113851FE7FEF400DED1D9 /* CathyyTests.m in Sources */,
			);
			runOnlyForDeploymentPostprocessing = 0;
		};
		6F0113871FE7FEF400DED1D9 /* Sources */ = {
			isa = PBXSourcesBuildPhase;
			buildActionMask = 2147483647;
			files = (
				6F0113901FE7FEF400DED1D9 /* CathyyUITests.m in Sources */,
			);
			runOnlyForDeploymentPostprocessing = 0;
		};
/* End PBXSourcesBuildPhase section */

/* Begin PBXTargetDependency section */
		6F0113821FE7FEF400DED1D9 /* PBXTargetDependency */ = {
			isa = PBXTargetDependency;
			target = 6F0113671FE7FEF300DED1D9 /* Cathyy */;
			targetProxy = 6F0113811FE7FEF400DED1D9 /* PBXContainerItemProxy */;
		};
		6F01138D1FE7FEF400DED1D9 /* PBXTargetDependency */ = {
			isa = PBXTargetDependency;
			target = 6F0113671FE7FEF300DED1D9 /* Cathyy */;
			targetProxy = 6F01138C1FE7FEF400DED1D9 /* PBXContainerItemProxy */;
		};
/* End PBXTargetDependency section */

/* Begin PBXVariantGroup section */
		6F0113711FE7FEF300DED1D9 /* Main.storyboard */ = {
			isa = PBXVariantGroup;
			children = (
				6F0113721FE7FEF300DED1D9 /* Base */,
			);
			name = Main.storyboard;
			sourceTree = "<group>";
		};
		6F0113761FE7FEF300DED1D9 /* LaunchScreen.storyboard */ = {
			isa = PBXVariantGroup;
			children = (
				6F0113771FE7FEF300DED1D9 /* Base */,
			);
			name = LaunchScreen.storyboard;
			sourceTree = "<group>";
		};
/* End PBXVariantGroup section */

/* Begin XCBuildConfiguration section */
		6F0113921FE7FEF400DED1D9 /* Debug */ = {
			isa = XCBuildConfiguration;
			buildSettings = {
				ALWAYS_SEARCH_USER_PATHS = NO;
				CLANG_ANALYZER_NONNULL = YES;
				CLANG_ANALYZER_NUMBER_OBJECT_CONVERSION = YES_AGGRESSIVE;
				CLANG_CXX_LANGUAGE_STANDARD = "gnu++14";
				CLANG_CXX_LIBRARY = "libc++";
				CLANG_ENABLE_MODULES = YES;
				CLANG_ENABLE_OBJC_ARC = YES;
				CLANG_WARN_BLOCK_CAPTURE_AUTORELEASING = YES;
				CLANG_WARN_BOOL_CONVERSION = YES;
				CLANG_WARN_COMMA = YES;
				CLANG_WARN_CONSTANT_CONVERSION = YES;
				CLANG_WARN_DIRECT_OBJC_ISA_USAGE = YES_ERROR;
				CLANG_WARN_DOCUMENTATION_COMMENTS = YES;
				CLANG_WARN_EMPTY_BODY = YES;
				CLANG_WARN_ENUM_CONVERSION = YES;
				CLANG_WARN_INFINITE_RECURSION = YES;
				CLANG_WARN_INT_CONVERSION = YES;
				CLANG_WARN_NON_LITERAL_NULL_CONVERSION = YES;
				CLANG_WARN_OBJC_LITERAL_CONVERSION = YES;
				CLANG_WARN_OBJC_ROOT_CLASS = YES_ERROR;
				CLANG_WARN_RANGE_LOOP_ANALYSIS = YES;
				CLANG_WARN_STRICT_PROTOTYPES = YES;
				CLANG_WARN_SUSPICIOUS_MOVE = YES;
				CLANG_WARN_UNGUARDED_AVAILABILITY = YES_AGGRESSIVE;
				CLANG_WARN_UNREACHABLE_CODE = YES;
				CLANG_WARN__DUPLICATE_METHOD_MATCH = YES;
				CODE_SIGN_IDENTITY = "iPhone Developer";
				COPY_PHASE_STRIP = NO;
				DEBUG_INFORMATION_FORMAT = dwarf;
				ENABLE_STRICT_OBJC_MSGSEND = YES;
				ENABLE_TESTABILITY = YES;
				GCC_C_LANGUAGE_STANDARD = gnu11;
				GCC_DYNAMIC_NO_PIC = NO;
				GCC_NO_COMMON_BLOCKS = YES;
				GCC_OPTIMIZATION_LEVEL = 0;
				GCC_PREPROCESSOR_DEFINITIONS = (
					"DEBUG=1",
					"$(inherited)",
				);
				GCC_WARN_64_TO_32_BIT_CONVERSION = YES;
				GCC_WARN_ABOUT_RETURN_TYPE = YES_ERROR;
				GCC_WARN_UNDECLARED_SELECTOR = YES;
				GCC_WARN_UNINITIALIZED_AUTOS = YES_AGGRESSIVE;
				GCC_WARN_UNUSED_FUNCTION = YES;
				GCC_WARN_UNUSED_VARIABLE = YES;
				IPHONEOS_DEPLOYMENT_TARGET = 11.2;
				MTL_ENABLE_DEBUG_INFO = YES;
				ONLY_ACTIVE_ARCH = YES;
				SDKROOT = iphoneos;
			};
			name = Debug;
		};
		6F0113931FE7FEF400DED1D9 /* Release */ = {
			isa = XCBuildConfiguration;
			buildSettings = {
				ALWAYS_SEARCH_USER_PATHS = NO;
				CLANG_ANALYZER_NONNULL = YES;
				CLANG_ANALYZER_NUMBER_OBJECT_CONVERSION = YES_AGGRESSIVE;
				CLANG_CXX_LANGUAGE_STANDARD = "gnu++14";
				CLANG_CXX_LIBRARY = "libc++";
				CLANG_ENABLE_MODULES = YES;
				CLANG_ENABLE_OBJC_ARC = YES;
				CLANG_WARN_BLOCK_CAPTURE_AUTORELEASING = YES;
				CLANG_WARN_BOOL_CONVERSION = YES;
				CLANG_WARN_COMMA = YES;
				CLANG_WARN_CONSTANT_CONVERSION = YES;
				CLANG_WARN_DIRECT_OBJC_ISA_USAGE = YES_ERROR;
				CLANG_WARN_DOCUMENTATION_COMMENTS = YES;
				CLANG_WARN_EMPTY_BODY = YES;
				CLANG_WARN_ENUM_CONVERSION = YES;
				CLANG_WARN_INFINITE_RECURSION = YES;
				CLANG_WARN_INT_CONVERSION = YES;
				CLANG_WARN_NON_LITERAL_NULL_CONVERSION = YES;
				CLANG_WARN_OBJC_LITERAL_CONVERSION = YES;
				CLANG_WARN_OBJC_ROOT_CLASS = YES_ERROR;
				CLANG_WARN_RANGE_LOOP_ANALYSIS = YES;
				CLANG_WARN_STRICT_PROTOTYPES = YES;
				CLANG_WARN_SUSPICIOUS_MOVE = YES;
				CLANG_WARN_UNGUARDED_AVAILABILITY = YES_AGGRESSIVE;
				CLANG_WARN_UNREACHABLE_CODE = YES;
				CLANG_WARN__DUPLICATE_METHOD_MATCH = YES;
				CODE_SIGN_IDENTITY = "iPhone Developer";
				COPY_PHASE_STRIP = NO;
				DEBUG_INFORMATION_FORMAT = "dwarf-with-dsym";
				ENABLE_NS_ASSERTIONS = NO;
				ENABLE_STRICT_OBJC_MSGSEND = YES;
				GCC_C_LANGUAGE_STANDARD = gnu11;
				GCC_NO_COMMON_BLOCKS = YES;
				GCC_WARN_64_TO_32_BIT_CONVERSION = YES;
				GCC_WARN_ABOUT_RETURN_TYPE = YES_ERROR;
				GCC_WARN_UNDECLARED_SELECTOR = YES;
				GCC_WARN_UNINITIALIZED_AUTOS = YES_AGGRESSIVE;
				GCC_WARN_UNUSED_FUNCTION = YES;
				GCC_WARN_UNUSED_VARIABLE = YES;
				IPHONEOS_DEPLOYMENT_TARGET = 11.2;
				MTL_ENABLE_DEBUG_INFO = NO;
				SDKROOT = iphoneos;
				VALIDATE_PRODUCT = YES;
			};
			name = Release;
		};
		6F0113951FE7FEF400DED1D9 /* Debug */ = {
			isa = XCBuildConfiguration;
			baseConfigurationReference = 0E98311D6D9893A3083AD5E8 /* Pods-Cathyy.debug.xcconfig */;
			buildSettings = {
				ASSETCATALOG_COMPILER_APPICON_NAME = AppIcon;
				ASSETCATALOG_COMPILER_LAUNCHIMAGE_NAME = LaunchImage;
				CODE_SIGN_STYLE = Automatic;
				DEVELOPMENT_TEAM = Z77Z7PBS4S;
				FRAMEWORK_SEARCH_PATHS = (
					"$(inherited)",
					"$(PROJECT_DIR)/Cathyy/xuexi",
					"$(PROJECT_DIR)/xuexi",
				);
				GCC_PRECOMPILE_PREFIX_HEADER = YES;
				GCC_PREFIX_HEADER = "$(SRCROOT)/Cathyy/PrefixHeader.pch";
				INFOPLIST_FILE = Cathyy/Info.plist;
				IPHONEOS_DEPLOYMENT_TARGET = 11.2;
				LD_RUNPATH_SEARCH_PATHS = "$(inherited) @executable_path/Frameworks";
				LIBRARY_SEARCH_PATHS = (
					"$(inherited)",
					"$(PROJECT_DIR)/Cathyy/xuexi/FLAnimatedImage/iflyMSC",
					"$(PROJECT_DIR)/xuexi/FLAnimatedImage/iflyMSC",
				);
				PRODUCT_BUNDLE_IDENTIFIER = CathyyMovice;
				PRODUCT_NAME = "$(TARGET_NAME)";
				TARGETED_DEVICE_FAMILY = "1,2";
			};
			name = Debug;
		};
		6F0113961FE7FEF400DED1D9 /* Release */ = {
			isa = XCBuildConfiguration;
			baseConfigurationReference = D1A67D630F5784F68CFCEB32 /* Pods-Cathyy.release.xcconfig */;
			buildSettings = {
				ASSETCATALOG_COMPILER_APPICON_NAME = AppIcon;
				ASSETCATALOG_COMPILER_LAUNCHIMAGE_NAME = LaunchImage;
				CODE_SIGN_STYLE = Automatic;
				DEVELOPMENT_TEAM = Z77Z7PBS4S;
				FRAMEWORK_SEARCH_PATHS = (
					"$(inherited)",
					"$(PROJECT_DIR)/Cathyy/xuexi",
					"$(PROJECT_DIR)/xuexi",
				);
				GCC_PRECOMPILE_PREFIX_HEADER = YES;
				GCC_PREFIX_HEADER = "$(SRCROOT)/Cathyy/PrefixHeader.pch";
				INFOPLIST_FILE = Cathyy/Info.plist;
				IPHONEOS_DEPLOYMENT_TARGET = 11.2;
				LD_RUNPATH_SEARCH_PATHS = "$(inherited) @executable_path/Frameworks";
				LIBRARY_SEARCH_PATHS = (
					"$(inherited)",
					"$(PROJECT_DIR)/Cathyy/xuexi/FLAnimatedImage/iflyMSC",
					"$(PROJECT_DIR)/xuexi/FLAnimatedImage/iflyMSC",
				);
				PRODUCT_BUNDLE_IDENTIFIER = CathyyMovice;
				PRODUCT_NAME = "$(TARGET_NAME)";
				TARGETED_DEVICE_FAMILY = "1,2";
			};
			name = Release;
		};
		6F0113981FE7FEF400DED1D9 /* Debug */ = {
			isa = XCBuildConfiguration;
			buildSettings = {
				BUNDLE_LOADER = "$(TEST_HOST)";
				CODE_SIGN_STYLE = Automatic;
				INFOPLIST_FILE = CathyyTests/Info.plist;
				LD_RUNPATH_SEARCH_PATHS = "$(inherited) @executable_path/Frameworks @loader_path/Frameworks";
				PRODUCT_BUNDLE_IDENTIFIER = NarutoMac.CathyyTests;
				PRODUCT_NAME = "$(TARGET_NAME)";
				TARGETED_DEVICE_FAMILY = "1,2";
				TEST_HOST = "$(BUILT_PRODUCTS_DIR)/Cathyy.app/Cathyy";
			};
			name = Debug;
		};
		6F0113991FE7FEF400DED1D9 /* Release */ = {
			isa = XCBuildConfiguration;
			buildSettings = {
				BUNDLE_LOADER = "$(TEST_HOST)";
				CODE_SIGN_STYLE = Automatic;
				INFOPLIST_FILE = CathyyTests/Info.plist;
				LD_RUNPATH_SEARCH_PATHS = "$(inherited) @executable_path/Frameworks @loader_path/Frameworks";
				PRODUCT_BUNDLE_IDENTIFIER = NarutoMac.CathyyTests;
				PRODUCT_NAME = "$(TARGET_NAME)";
				TARGETED_DEVICE_FAMILY = "1,2";
				TEST_HOST = "$(BUILT_PRODUCTS_DIR)/Cathyy.app/Cathyy";
			};
			name = Release;
		};
		6F01139B1FE7FEF400DED1D9 /* Debug */ = {
			isa = XCBuildConfiguration;
			buildSettings = {
				CODE_SIGN_STYLE = Automatic;
				INFOPLIST_FILE = CathyyUITests/Info.plist;
				LD_RUNPATH_SEARCH_PATHS = "$(inherited) @executable_path/Frameworks @loader_path/Frameworks";
				PRODUCT_BUNDLE_IDENTIFIER = NarutoMac.CathyyUITests;
				PRODUCT_NAME = "$(TARGET_NAME)";
				TARGETED_DEVICE_FAMILY = "1,2";
				TEST_TARGET_NAME = Cathyy;
			};
			name = Debug;
		};
		6F01139C1FE7FEF400DED1D9 /* Release */ = {
			isa = XCBuildConfiguration;
			buildSettings = {
				CODE_SIGN_STYLE = Automatic;
				INFOPLIST_FILE = CathyyUITests/Info.plist;
				LD_RUNPATH_SEARCH_PATHS = "$(inherited) @executable_path/Frameworks @loader_path/Frameworks";
				PRODUCT_BUNDLE_IDENTIFIER = NarutoMac.CathyyUITests;
				PRODUCT_NAME = "$(TARGET_NAME)";
				TARGETED_DEVICE_FAMILY = "1,2";
				TEST_TARGET_NAME = Cathyy;
			};
			name = Release;
		};
/* End XCBuildConfiguration section */

/* Begin XCConfigurationList section */
		6F0113631FE7FEF300DED1D9 /* Build configuration list for PBXProject "Cathyy" */ = {
			isa = XCConfigurationList;
			buildConfigurations = (
				6F0113921FE7FEF400DED1D9 /* Debug */,
				6F0113931FE7FEF400DED1D9 /* Release */,
			);
			defaultConfigurationIsVisible = 0;
			defaultConfigurationName = Release;
		};
		6F0113941FE7FEF400DED1D9 /* Build configuration list for PBXNativeTarget "Cathyy" */ = {
			isa = XCConfigurationList;
			buildConfigurations = (
				6F0113951FE7FEF400DED1D9 /* Debug */,
				6F0113961FE7FEF400DED1D9 /* Release */,
			);
			defaultConfigurationIsVisible = 0;
			defaultConfigurationName = Release;
		};
		6F0113971FE7FEF400DED1D9 /* Build configuration list for PBXNativeTarget "CathyyTests" */ = {
			isa = XCConfigurationList;
			buildConfigurations = (
				6F0113981FE7FEF400DED1D9 /* Debug */,
				6F0113991FE7FEF400DED1D9 /* Release */,
			);
			defaultConfigurationIsVisible = 0;
			defaultConfigurationName = Release;
		};
		6F01139A1FE7FEF400DED1D9 /* Build configuration list for PBXNativeTarget "CathyyUITests" */ = {
			isa = XCConfigurationList;
			buildConfigurations = (
				6F01139B1FE7FEF400DED1D9 /* Debug */,
				6F01139C1FE7FEF400DED1D9 /* Release */,
			);
			defaultConfigurationIsVisible = 0;
			defaultConfigurationName = Release;
		};
/* End XCConfigurationList section */
	};
	rootObject = 6F0113601FE7FEF300DED1D9 /* Project object */;
}
